// !$*UTF8*$!
{
	archiveVersion = 1;
	classes = {
	};
	objectVersion = 56;
	objects = {

/* Begin PBXBuildFile section */
		F60E39A429262C1700C68AA9 /* CSearchType.swift in Sources */ = {isa = PBXBuildFile; fileRef = F60E39A329262C1700C68AA9 /* CSearchType.swift */; };
		F60E39A629262E3A00C68AA9 /* VehicleDetailInfo.swift in Sources */ = {isa = PBXBuildFile; fileRef = F60E39A529262E3A00C68AA9 /* VehicleDetailInfo.swift */; };
		F634F5AB290D142700DA10CF /* CProvinces.swift in Sources */ = {isa = PBXBuildFile; fileRef = F634F5AA290D142700DA10CF /* CProvinces.swift */; };
		F634F5B2290D5D1500DA10CF /* Date+Ext.swift in Sources */ = {isa = PBXBuildFile; fileRef = F634F5B1290D5D1500DA10CF /* Date+Ext.swift */; };
		F6469C69291B95160079BE52 /* VehiclesVC.swift in Sources */ = {isa = PBXBuildFile; fileRef = F6469C68291B95160079BE52 /* VehiclesVC.swift */; };
		F6469C6D291B975D0079BE52 /* CSearchResultCell.swift in Sources */ = {isa = PBXBuildFile; fileRef = F6469C6C291B975D0079BE52 /* CSearchResultCell.swift */; };
		F64A96EF29409210006A095F /* CVehicleOrigin.swift in Sources */ = {isa = PBXBuildFile; fileRef = F64A96EE29409210006A095F /* CVehicleOrigin.swift */; };
		F650E81129277934005FFACB /* CVehicleInfoDescription.swift in Sources */ = {isa = PBXBuildFile; fileRef = F650E81029277934005FFACB /* CVehicleInfoDescription.swift */; };
		F650E81329277B0A005FFACB /* Dictionary+Ext.swift in Sources */ = {isa = PBXBuildFile; fileRef = F650E81229277B0A005FFACB /* Dictionary+Ext.swift */; };
		F65818B528FF01CC009059EA /* CButton.swift in Sources */ = {isa = PBXBuildFile; fileRef = F65818B428FF01CC009059EA /* CButton.swift */; };
		F65818B728FF0E27009059EA /* Vehicles.swift in Sources */ = {isa = PBXBuildFile; fileRef = F65818B628FF0E27009059EA /* Vehicles.swift */; };
		F65818BA28FF0EA3009059EA /* NetworkManager.swift in Sources */ = {isa = PBXBuildFile; fileRef = F65818B928FF0EA3009059EA /* NetworkManager.swift */; };
		F65818BE28FF1025009059EA /* CError.swift in Sources */ = {isa = PBXBuildFile; fileRef = F65818BD28FF1025009059EA /* CError.swift */; };
		F65818C0290129C9009059EA /* SearchViewModel.swift in Sources */ = {isa = PBXBuildFile; fileRef = F65818BF290129C9009059EA /* SearchViewModel.swift */; };
		F65818C22901384B009059EA /* CItemsStackView.swift in Sources */ = {isa = PBXBuildFile; fileRef = F65818C12901384B009059EA /* CItemsStackView.swift */; };
		F65818C6290139A9009059EA /* CSFSymbols.swift in Sources */ = {isa = PBXBuildFile; fileRef = F65818C5290139A9009059EA /* CSFSymbols.swift */; };
		F65818C829013C25009059EA /* CTextField.swift in Sources */ = {isa = PBXBuildFile; fileRef = F65818C729013C25009059EA /* CTextField.swift */; };
		F65818CA29013EEF009059EA /* CItemSettingsView.swift in Sources */ = {isa = PBXBuildFile; fileRef = F65818C929013EEF009059EA /* CItemSettingsView.swift */; };
		F65818CF29027F05009059EA /* CImageView.swift in Sources */ = {isa = PBXBuildFile; fileRef = F65818CE29027F05009059EA /* CImageView.swift */; };
		F65818D129029806009059EA /* ObservableObject.swift in Sources */ = {isa = PBXBuildFile; fileRef = F65818D029029806009059EA /* ObservableObject.swift */; };
		F658864F292F589E00437D8F /* CEmptyState.swift in Sources */ = {isa = PBXBuildFile; fileRef = F658864E292F589E00437D8F /* CEmptyState.swift */; };
		F6588651292F5B0200437D8F /* LoadingVC.swift in Sources */ = {isa = PBXBuildFile; fileRef = F6588650292F5B0200437D8F /* LoadingVC.swift */; };
		F6ADC75129703C0D00C22338 /* AlertVC.swift in Sources */ = {isa = PBXBuildFile; fileRef = F6ADC75029703C0D00C22338 /* AlertVC.swift */; };
		F6ADC75429703CA200C22338 /* CAlertContainer.swift in Sources */ = {isa = PBXBuildFile; fileRef = F6ADC75329703CA200C22338 /* CAlertContainer.swift */; };
		F6ADC7562970417A00C22338 /* UIViewController+Ext.swift in Sources */ = {isa = PBXBuildFile; fileRef = F6ADC7552970417A00C22338 /* UIViewController+Ext.swift */; };
		F6BB4D1829067C9A00DC71FE /* CDatePickerVC.swift in Sources */ = {isa = PBXBuildFile; fileRef = F6BB4D1729067C9A00DC71FE /* CDatePickerVC.swift */; };
		F6BFFD8F2924E93A00431A8B /* VehicleViewModel.swift in Sources */ = {isa = PBXBuildFile; fileRef = F6BFFD8E2924E93A00431A8B /* VehicleViewModel.swift */; };
		F6BFFD912924EB7B00431A8B /* VehicleInfoVC.swift in Sources */ = {isa = PBXBuildFile; fileRef = F6BFFD902924EB7B00431A8B /* VehicleInfoVC.swift */; };
		F6BFFD932924F54800431A8B /* CVehicleDetailInfoItem.swift in Sources */ = {isa = PBXBuildFile; fileRef = F6BFFD922924F54800431A8B /* CVehicleDetailInfoItem.swift */; };
		F6BFFD952924F65400431A8B /* CBodyLabel.swift in Sources */ = {isa = PBXBuildFile; fileRef = F6BFFD942924F65400431A8B /* CBodyLabel.swift */; };
		F6BFFD972925421600431A8B /* VehicleInfoViewModel.swift in Sources */ = {isa = PBXBuildFile; fileRef = F6BFFD962925421600431A8B /* VehicleInfoViewModel.swift */; };
		F6E2DB5328FE82C700A77743 /* AppDelegate.swift in Sources */ = {isa = PBXBuildFile; fileRef = F6E2DB5228FE82C700A77743 /* AppDelegate.swift */; };
		F6E2DB5528FE82C700A77743 /* SceneDelegate.swift in Sources */ = {isa = PBXBuildFile; fileRef = F6E2DB5428FE82C700A77743 /* SceneDelegate.swift */; };
		F6E2DB5C28FE82C900A77743 /* Assets.xcassets in Resources */ = {isa = PBXBuildFile; fileRef = F6E2DB5B28FE82C900A77743 /* Assets.xcassets */; };
		F6E2DB5F28FE82C900A77743 /* LaunchScreen.storyboard in Resources */ = {isa = PBXBuildFile; fileRef = F6E2DB5D28FE82C900A77743 /* LaunchScreen.storyboard */; };
		F6E2DB6A28FE82C900A77743 /* CepikTests.swift in Sources */ = {isa = PBXBuildFile; fileRef = F6E2DB6928FE82C900A77743 /* CepikTests.swift */; };
		F6E2DB7428FE82C900A77743 /* CepikUITests.swift in Sources */ = {isa = PBXBuildFile; fileRef = F6E2DB7328FE82C900A77743 /* CepikUITests.swift */; };
		F6E2DB7628FE82C900A77743 /* CepikUITestsLaunchTests.swift in Sources */ = {isa = PBXBuildFile; fileRef = F6E2DB7528FE82C900A77743 /* CepikUITestsLaunchTests.swift */; };
		F6E2DB8828FE8CC500A77743 /* SearchVC.swift in Sources */ = {isa = PBXBuildFile; fileRef = F6E2DB8728FE8CC500A77743 /* SearchVC.swift */; };
		F6E2DB8E28FEBDBA00A77743 /* CLogoView.swift in Sources */ = {isa = PBXBuildFile; fileRef = F6E2DB8D28FEBDBA00A77743 /* CLogoView.swift */; };
		F6E2DB9428FEBFAB00A77743 /* CTitleLabel.swift in Sources */ = {isa = PBXBuildFile; fileRef = F6E2DB9328FEBFAB00A77743 /* CTitleLabel.swift */; };
		F6F481FA2912E0DD00B285F1 /* VehicleSeachInfo.swift in Sources */ = {isa = PBXBuildFile; fileRef = F6F481F92912E0DD00B285F1 /* VehicleSeachInfo.swift */; };
		F6F481FC2913A3C200B285F1 /* String+Ext.swift in Sources */ = {isa = PBXBuildFile; fileRef = F6F481FB2913A3C200B285F1 /* String+Ext.swift */; };
		F6F481FE2913B0B100B285F1 /* CDataType.swift in Sources */ = {isa = PBXBuildFile; fileRef = F6F481FD2913B0B100B285F1 /* CDataType.swift */; };
/* End PBXBuildFile section */

/* Begin PBXContainerItemProxy section */
		F6E2DB6628FE82C900A77743 /* PBXContainerItemProxy */ = {
			isa = PBXContainerItemProxy;
			containerPortal = F6E2DB4728FE82C700A77743 /* Project object */;
			proxyType = 1;
			remoteGlobalIDString = F6E2DB4E28FE82C700A77743;
			remoteInfo = Cepik;
		};
		F6E2DB7028FE82C900A77743 /* PBXContainerItemProxy */ = {
			isa = PBXContainerItemProxy;
			containerPortal = F6E2DB4728FE82C700A77743 /* Project object */;
			proxyType = 1;
			remoteGlobalIDString = F6E2DB4E28FE82C700A77743;
			remoteInfo = Cepik;
		};
/* End PBXContainerItemProxy section */

/* Begin PBXFileReference section */
		F60E39A329262C1700C68AA9 /* CSearchType.swift */ = {isa = PBXFileReference; lastKnownFileType = sourcecode.swift; path = CSearchType.swift; sourceTree = "<group>"; };
		F60E39A529262E3A00C68AA9 /* VehicleDetailInfo.swift */ = {isa = PBXFileReference; lastKnownFileType = sourcecode.swift; path = VehicleDetailInfo.swift; sourceTree = "<group>"; };
		F634F5AA290D142700DA10CF /* CProvinces.swift */ = {isa = PBXFileReference; lastKnownFileType = sourcecode.swift; path = CProvinces.swift; sourceTree = "<group>"; };
		F634F5B1290D5D1500DA10CF /* Date+Ext.swift */ = {isa = PBXFileReference; lastKnownFileType = sourcecode.swift; path = "Date+Ext.swift"; sourceTree = "<group>"; };
		F6469C68291B95160079BE52 /* VehiclesVC.swift */ = {isa = PBXFileReference; lastKnownFileType = sourcecode.swift; path = VehiclesVC.swift; sourceTree = "<group>"; };
		F6469C6C291B975D0079BE52 /* CSearchResultCell.swift */ = {isa = PBXFileReference; lastKnownFileType = sourcecode.swift; path = CSearchResultCell.swift; sourceTree = "<group>"; };
		F64A96EE29409210006A095F /* CVehicleOrigin.swift */ = {isa = PBXFileReference; lastKnownFileType = sourcecode.swift; path = CVehicleOrigin.swift; sourceTree = "<group>"; };
		F650E81029277934005FFACB /* CVehicleInfoDescription.swift */ = {isa = PBXFileReference; lastKnownFileType = sourcecode.swift; path = CVehicleInfoDescription.swift; sourceTree = "<group>"; };
		F650E81229277B0A005FFACB /* Dictionary+Ext.swift */ = {isa = PBXFileReference; lastKnownFileType = sourcecode.swift; path = "Dictionary+Ext.swift"; sourceTree = "<group>"; };
		F65818B428FF01CC009059EA /* CButton.swift */ = {isa = PBXFileReference; lastKnownFileType = sourcecode.swift; path = CButton.swift; sourceTree = "<group>"; };
		F65818B628FF0E27009059EA /* Vehicles.swift */ = {isa = PBXFileReference; lastKnownFileType = sourcecode.swift; path = Vehicles.swift; sourceTree = "<group>"; };
		F65818B928FF0EA3009059EA /* NetworkManager.swift */ = {isa = PBXFileReference; lastKnownFileType = sourcecode.swift; path = NetworkManager.swift; sourceTree = "<group>"; };
		F65818BD28FF1025009059EA /* CError.swift */ = {isa = PBXFileReference; lastKnownFileType = sourcecode.swift; path = CError.swift; sourceTree = "<group>"; };
		F65818BF290129C9009059EA /* SearchViewModel.swift */ = {isa = PBXFileReference; lastKnownFileType = sourcecode.swift; path = SearchViewModel.swift; sourceTree = "<group>"; };
		F65818C12901384B009059EA /* CItemsStackView.swift */ = {isa = PBXFileReference; lastKnownFileType = sourcecode.swift; path = CItemsStackView.swift; sourceTree = "<group>"; };
		F65818C5290139A9009059EA /* CSFSymbols.swift */ = {isa = PBXFileReference; lastKnownFileType = sourcecode.swift; path = CSFSymbols.swift; sourceTree = "<group>"; };
		F65818C729013C25009059EA /* CTextField.swift */ = {isa = PBXFileReference; lastKnownFileType = sourcecode.swift; path = CTextField.swift; sourceTree = "<group>"; };
		F65818C929013EEF009059EA /* CItemSettingsView.swift */ = {isa = PBXFileReference; lastKnownFileType = sourcecode.swift; path = CItemSettingsView.swift; sourceTree = "<group>"; };
		F65818CE29027F05009059EA /* CImageView.swift */ = {isa = PBXFileReference; lastKnownFileType = sourcecode.swift; path = CImageView.swift; sourceTree = "<group>"; };
		F65818D029029806009059EA /* ObservableObject.swift */ = {isa = PBXFileReference; lastKnownFileType = sourcecode.swift; path = ObservableObject.swift; sourceTree = "<group>"; };
		F658864E292F589E00437D8F /* CEmptyState.swift */ = {isa = PBXFileReference; lastKnownFileType = sourcecode.swift; path = CEmptyState.swift; sourceTree = "<group>"; };
		F6588650292F5B0200437D8F /* LoadingVC.swift */ = {isa = PBXFileReference; lastKnownFileType = sourcecode.swift; path = LoadingVC.swift; sourceTree = "<group>"; };
		F6ADC75029703C0D00C22338 /* AlertVC.swift */ = {isa = PBXFileReference; lastKnownFileType = sourcecode.swift; path = AlertVC.swift; sourceTree = "<group>"; };
		F6ADC75329703CA200C22338 /* CAlertContainer.swift */ = {isa = PBXFileReference; lastKnownFileType = sourcecode.swift; path = CAlertContainer.swift; sourceTree = "<group>"; };
		F6ADC7552970417A00C22338 /* UIViewController+Ext.swift */ = {isa = PBXFileReference; lastKnownFileType = sourcecode.swift; path = "UIViewController+Ext.swift"; sourceTree = "<group>"; };
		F6BB4D1729067C9A00DC71FE /* CDatePickerVC.swift */ = {isa = PBXFileReference; lastKnownFileType = sourcecode.swift; path = CDatePickerVC.swift; sourceTree = "<group>"; };
		F6BFFD8E2924E93A00431A8B /* VehicleViewModel.swift */ = {isa = PBXFileReference; lastKnownFileType = sourcecode.swift; path = VehicleViewModel.swift; sourceTree = "<group>"; };
		F6BFFD902924EB7B00431A8B /* VehicleInfoVC.swift */ = {isa = PBXFileReference; lastKnownFileType = sourcecode.swift; path = VehicleInfoVC.swift; sourceTree = "<group>"; };
		F6BFFD922924F54800431A8B /* CVehicleDetailInfoItem.swift */ = {isa = PBXFileReference; lastKnownFileType = sourcecode.swift; path = CVehicleDetailInfoItem.swift; sourceTree = "<group>"; };
		F6BFFD942924F65400431A8B /* CBodyLabel.swift */ = {isa = PBXFileReference; lastKnownFileType = sourcecode.swift; path = CBodyLabel.swift; sourceTree = "<group>"; };
		F6BFFD962925421600431A8B /* VehicleInfoViewModel.swift */ = {isa = PBXFileReference; lastKnownFileType = sourcecode.swift; path = VehicleInfoViewModel.swift; sourceTree = "<group>"; };
		F6E2DB4F28FE82C700A77743 /* Cepik.app */ = {isa = PBXFileReference; explicitFileType = wrapper.application; includeInIndex = 0; path = Cepik.app; sourceTree = BUILT_PRODUCTS_DIR; };
		F6E2DB5228FE82C700A77743 /* AppDelegate.swift */ = {isa = PBXFileReference; lastKnownFileType = sourcecode.swift; path = AppDelegate.swift; sourceTree = "<group>"; };
		F6E2DB5428FE82C700A77743 /* SceneDelegate.swift */ = {isa = PBXFileReference; lastKnownFileType = sourcecode.swift; path = SceneDelegate.swift; sourceTree = "<group>"; };
		F6E2DB5B28FE82C900A77743 /* Assets.xcassets */ = {isa = PBXFileReference; lastKnownFileType = folder.assetcatalog; path = Assets.xcassets; sourceTree = "<group>"; };
		F6E2DB5E28FE82C900A77743 /* Base */ = {isa = PBXFileReference; lastKnownFileType = file.storyboard; name = Base; path = Base.lproj/LaunchScreen.storyboard; sourceTree = "<group>"; };
		F6E2DB6028FE82C900A77743 /* Info.plist */ = {isa = PBXFileReference; lastKnownFileType = text.plist.xml; path = Info.plist; sourceTree = "<group>"; };
		F6E2DB6528FE82C900A77743 /* CepikTests.xctest */ = {isa = PBXFileReference; explicitFileType = wrapper.cfbundle; includeInIndex = 0; path = CepikTests.xctest; sourceTree = BUILT_PRODUCTS_DIR; };
		F6E2DB6928FE82C900A77743 /* CepikTests.swift */ = {isa = PBXFileReference; lastKnownFileType = sourcecode.swift; path = CepikTests.swift; sourceTree = "<group>"; };
		F6E2DB6F28FE82C900A77743 /* CepikUITests.xctest */ = {isa = PBXFileReference; explicitFileType = wrapper.cfbundle; includeInIndex = 0; path = CepikUITests.xctest; sourceTree = BUILT_PRODUCTS_DIR; };
		F6E2DB7328FE82C900A77743 /* CepikUITests.swift */ = {isa = PBXFileReference; lastKnownFileType = sourcecode.swift; path = CepikUITests.swift; sourceTree = "<group>"; };
		F6E2DB7528FE82C900A77743 /* CepikUITestsLaunchTests.swift */ = {isa = PBXFileReference; lastKnownFileType = sourcecode.swift; path = CepikUITestsLaunchTests.swift; sourceTree = "<group>"; };
		F6E2DB8728FE8CC500A77743 /* SearchVC.swift */ = {isa = PBXFileReference; lastKnownFileType = sourcecode.swift; path = SearchVC.swift; sourceTree = "<group>"; };
		F6E2DB8D28FEBDBA00A77743 /* CLogoView.swift */ = {isa = PBXFileReference; lastKnownFileType = sourcecode.swift; path = CLogoView.swift; sourceTree = "<group>"; };
		F6E2DB9328FEBFAB00A77743 /* CTitleLabel.swift */ = {isa = PBXFileReference; lastKnownFileType = sourcecode.swift; path = CTitleLabel.swift; sourceTree = "<group>"; };
		F6F481F92912E0DD00B285F1 /* VehicleSeachInfo.swift */ = {isa = PBXFileReference; lastKnownFileType = sourcecode.swift; path = VehicleSeachInfo.swift; sourceTree = "<group>"; };
		F6F481FB2913A3C200B285F1 /* String+Ext.swift */ = {isa = PBXFileReference; lastKnownFileType = sourcecode.swift; path = "String+Ext.swift"; sourceTree = "<group>"; };
		F6F481FD2913B0B100B285F1 /* CDataType.swift */ = {isa = PBXFileReference; lastKnownFileType = sourcecode.swift; path = CDataType.swift; sourceTree = "<group>"; };
/* End PBXFileReference section */

/* Begin PBXFrameworksBuildPhase section */
		F6E2DB4C28FE82C700A77743 /* Frameworks */ = {
			isa = PBXFrameworksBuildPhase;
			buildActionMask = 2147483647;
			files = (
			);
			runOnlyForDeploymentPostprocessing = 0;
		};
		F6E2DB6228FE82C900A77743 /* Frameworks */ = {
			isa = PBXFrameworksBuildPhase;
			buildActionMask = 2147483647;
			files = (
			);
			runOnlyForDeploymentPostprocessing = 0;
		};
		F6E2DB6C28FE82C900A77743 /* Frameworks */ = {
			isa = PBXFrameworksBuildPhase;
			buildActionMask = 2147483647;
			files = (
			);
			runOnlyForDeploymentPostprocessing = 0;
		};
/* End PBXFrameworksBuildPhase section */

/* Begin PBXGroup section */
		F634F5B0290D5D0200DA10CF /* Extensions */ = {
			isa = PBXGroup;
			children = (
				F634F5B1290D5D1500DA10CF /* Date+Ext.swift */,
				F6F481FB2913A3C200B285F1 /* String+Ext.swift */,
				F650E81229277B0A005FFACB /* Dictionary+Ext.swift */,
				F6ADC7552970417A00C22338 /* UIViewController+Ext.swift */,
			);
			path = Extensions;
			sourceTree = "<group>";
		};
		F6469C6B291B97230079BE52 /* Cells */ = {
			isa = PBXGroup;
			children = (
				F6469C6C291B975D0079BE52 /* CSearchResultCell.swift */,
			);
			path = Cells;
			sourceTree = "<group>";
		};
		F64A96E9293F2F76006A095F /* Controllers */ = {
			isa = PBXGroup;
			children = (
				F6E2DB8728FE8CC500A77743 /* SearchVC.swift */,
				F6588650292F5B0200437D8F /* LoadingVC.swift */,
				F6469C68291B95160079BE52 /* VehiclesVC.swift */,
				F6BFFD902924EB7B00431A8B /* VehicleInfoVC.swift */,
				F6ADC75029703C0D00C22338 /* AlertVC.swift */,
			);
			path = Controllers;
			sourceTree = "<group>";
		};
		F65818B328FF01AE009059EA /* Buttons */ = {
			isa = PBXGroup;
			children = (
				F65818B428FF01CC009059EA /* CButton.swift */,
			);
			path = Buttons;
			sourceTree = "<group>";
		};
		F65818B828FF0E8D009059EA /* Managers */ = {
			isa = PBXGroup;
			children = (
				F65818B928FF0EA3009059EA /* NetworkManager.swift */,
			);
			path = Managers;
			sourceTree = "<group>";
		};
		F65818BB28FF1011009059EA /* Utilities */ = {
			isa = PBXGroup;
			children = (
				F65818D029029806009059EA /* ObservableObject.swift */,
				F65818BD28FF1025009059EA /* CError.swift */,
				F65818C5290139A9009059EA /* CSFSymbols.swift */,
				F634F5AA290D142700DA10CF /* CProvinces.swift */,
				F6F481FD2913B0B100B285F1 /* CDataType.swift */,
				F60E39A329262C1700C68AA9 /* CSearchType.swift */,
				F650E81029277934005FFACB /* CVehicleInfoDescription.swift */,
				F64A96EE29409210006A095F /* CVehicleOrigin.swift */,
			);
			path = Utilities;
			sourceTree = "<group>";
		};
		F6E2DB4628FE82C700A77743 = {
			isa = PBXGroup;
			children = (
				F6E2DB5128FE82C700A77743 /* Cepik */,
				F6E2DB6828FE82C900A77743 /* CepikTests */,
				F6E2DB7228FE82C900A77743 /* CepikUITests */,
				F6E2DB5028FE82C700A77743 /* Products */,
			);
			sourceTree = "<group>";
		};
		F6E2DB5028FE82C700A77743 /* Products */ = {
			isa = PBXGroup;
			children = (
				F6E2DB4F28FE82C700A77743 /* Cepik.app */,
				F6E2DB6528FE82C900A77743 /* CepikTests.xctest */,
				F6E2DB6F28FE82C900A77743 /* CepikUITests.xctest */,
			);
			name = Products;
			sourceTree = "<group>";
		};
		F6E2DB5128FE82C700A77743 /* Cepik */ = {
			isa = PBXGroup;
			children = (
				F634F5B0290D5D0200DA10CF /* Extensions */,
				F65818BB28FF1011009059EA /* Utilities */,
				F65818B828FF0E8D009059EA /* Managers */,
				F6E2DB8628FE849E00A77743 /* Support */,
				F6E2DB8528FE83B800A77743 /* ViewModel */,
				F6E2DB8428FE83B300A77743 /* Model */,
				F6E2DB8328FE838300A77743 /* Views */,
				F6E2DB5B28FE82C900A77743 /* Assets.xcassets */,
				F6E2DB5D28FE82C900A77743 /* LaunchScreen.storyboard */,
				F6E2DB6028FE82C900A77743 /* Info.plist */,
			);
			path = Cepik;
			sourceTree = "<group>";
		};
		F6E2DB6828FE82C900A77743 /* CepikTests */ = {
			isa = PBXGroup;
			children = (
				F6E2DB6928FE82C900A77743 /* CepikTests.swift */,
			);
			path = CepikTests;
			sourceTree = "<group>";
		};
		F6E2DB7228FE82C900A77743 /* CepikUITests */ = {
			isa = PBXGroup;
			children = (
				F6E2DB7328FE82C900A77743 /* CepikUITests.swift */,
				F6E2DB7528FE82C900A77743 /* CepikUITestsLaunchTests.swift */,
			);
			path = CepikUITests;
			sourceTree = "<group>";
		};
		F6E2DB8328FE838300A77743 /* Views */ = {
			isa = PBXGroup;
			children = (
				F64A96E9293F2F76006A095F /* Controllers */,
				F6469C6B291B97230079BE52 /* Cells */,
				F65818B328FF01AE009059EA /* Buttons */,
				F6E2DB9228FEBF9400A77743 /* Labels */,
				F6E2DB8F28FEBDF600A77743 /* TextFields */,
				F6E2DB8C28FEBD6C00A77743 /* CustomViews */,
				F6E2DB8928FEBD0E00A77743 /* ImageViews */,
			);
			path = Views;
			sourceTree = "<group>";
		};
		F6E2DB8428FE83B300A77743 /* Model */ = {
			isa = PBXGroup;
			children = (
				F65818B628FF0E27009059EA /* Vehicles.swift */,
				F6F481F92912E0DD00B285F1 /* VehicleSeachInfo.swift */,
				F60E39A529262E3A00C68AA9 /* VehicleDetailInfo.swift */,
			);
			path = Model;
			sourceTree = "<group>";
		};
		F6E2DB8528FE83B800A77743 /* ViewModel */ = {
			isa = PBXGroup;
			children = (
				F65818BF290129C9009059EA /* SearchViewModel.swift */,
				F6BFFD8E2924E93A00431A8B /* VehicleViewModel.swift */,
				F6BFFD962925421600431A8B /* VehicleInfoViewModel.swift */,
			);
			path = ViewModel;
			sourceTree = "<group>";
		};
		F6E2DB8628FE849E00A77743 /* Support */ = {
			isa = PBXGroup;
			children = (
				F6E2DB5228FE82C700A77743 /* AppDelegate.swift */,
				F6E2DB5428FE82C700A77743 /* SceneDelegate.swift */,
			);
			path = Support;
			sourceTree = "<group>";
		};
		F6E2DB8928FEBD0E00A77743 /* ImageViews */ = {
			isa = PBXGroup;
			children = (
				F65818CE29027F05009059EA /* CImageView.swift */,
			);
			path = ImageViews;
			sourceTree = "<group>";
		};
		F6E2DB8C28FEBD6C00A77743 /* CustomViews */ = {
			isa = PBXGroup;
			children = (
				F6E2DB8D28FEBDBA00A77743 /* CLogoView.swift */,
				F65818C12901384B009059EA /* CItemsStackView.swift */,
				F65818C929013EEF009059EA /* CItemSettingsView.swift */,
				F6BB4D1729067C9A00DC71FE /* CDatePickerVC.swift */,
				F6BFFD922924F54800431A8B /* CVehicleDetailInfoItem.swift */,
				F658864E292F589E00437D8F /* CEmptyState.swift */,
				F6ADC75329703CA200C22338 /* CAlertContainer.swift */,
			);
			path = CustomViews;
			sourceTree = "<group>";
		};
		F6E2DB8F28FEBDF600A77743 /* TextFields */ = {
			isa = PBXGroup;
			children = (
				F65818C729013C25009059EA /* CTextField.swift */,
			);
			path = TextFields;
			sourceTree = "<group>";
		};
		F6E2DB9228FEBF9400A77743 /* Labels */ = {
			isa = PBXGroup;
			children = (
				F6E2DB9328FEBFAB00A77743 /* CTitleLabel.swift */,
				F6BFFD942924F65400431A8B /* CBodyLabel.swift */,
			);
			path = Labels;
			sourceTree = "<group>";
		};
/* End PBXGroup section */

/* Begin PBXNativeTarget section */
		F6E2DB4E28FE82C700A77743 /* Cepik */ = {
			isa = PBXNativeTarget;
			buildConfigurationList = F6E2DB7928FE82C900A77743 /* Build configuration list for PBXNativeTarget "Cepik" */;
			buildPhases = (
				F6E2DB4B28FE82C700A77743 /* Sources */,
				F6E2DB4C28FE82C700A77743 /* Frameworks */,
				F6E2DB4D28FE82C700A77743 /* Resources */,
			);
			buildRules = (
			);
			dependencies = (
			);
			name = Cepik;
			productName = Cepik;
			productReference = F6E2DB4F28FE82C700A77743 /* Cepik.app */;
			productType = "com.apple.product-type.application";
		};
		F6E2DB6428FE82C900A77743 /* CepikTests */ = {
			isa = PBXNativeTarget;
			buildConfigurationList = F6E2DB7C28FE82C900A77743 /* Build configuration list for PBXNativeTarget "CepikTests" */;
			buildPhases = (
				F6E2DB6128FE82C900A77743 /* Sources */,
				F6E2DB6228FE82C900A77743 /* Frameworks */,
				F6E2DB6328FE82C900A77743 /* Resources */,
			);
			buildRules = (
			);
			dependencies = (
				F6E2DB6728FE82C900A77743 /* PBXTargetDependency */,
			);
			name = CepikTests;
			productName = CepikTests;
			productReference = F6E2DB6528FE82C900A77743 /* CepikTests.xctest */;
			productType = "com.apple.product-type.bundle.unit-test";
		};
		F6E2DB6E28FE82C900A77743 /* CepikUITests */ = {
			isa = PBXNativeTarget;
			buildConfigurationList = F6E2DB7F28FE82C900A77743 /* Build configuration list for PBXNativeTarget "CepikUITests" */;
			buildPhases = (
				F6E2DB6B28FE82C900A77743 /* Sources */,
				F6E2DB6C28FE82C900A77743 /* Frameworks */,
				F6E2DB6D28FE82C900A77743 /* Resources */,
			);
			buildRules = (
			);
			dependencies = (
				F6E2DB7128FE82C900A77743 /* PBXTargetDependency */,
			);
			name = CepikUITests;
			productName = CepikUITests;
			productReference = F6E2DB6F28FE82C900A77743 /* CepikUITests.xctest */;
			productType = "com.apple.product-type.bundle.ui-testing";
		};
/* End PBXNativeTarget section */

/* Begin PBXProject section */
		F6E2DB4728FE82C700A77743 /* Project object */ = {
			isa = PBXProject;
			attributes = {
				BuildIndependentTargetsInParallel = 1;
				LastSwiftUpdateCheck = 1400;
				LastUpgradeCheck = 1400;
				TargetAttributes = {
					F6E2DB4E28FE82C700A77743 = {
						CreatedOnToolsVersion = 14.0.1;
					};
					F6E2DB6428FE82C900A77743 = {
						CreatedOnToolsVersion = 14.0.1;
						TestTargetID = F6E2DB4E28FE82C700A77743;
					};
					F6E2DB6E28FE82C900A77743 = {
						CreatedOnToolsVersion = 14.0.1;
						TestTargetID = F6E2DB4E28FE82C700A77743;
					};
				};
			};
			buildConfigurationList = F6E2DB4A28FE82C700A77743 /* Build configuration list for PBXProject "Cepik" */;
			compatibilityVersion = "Xcode 14.0";
			developmentRegion = en;
			hasScannedForEncodings = 0;
			knownRegions = (
				en,
				Base,
			);
			mainGroup = F6E2DB4628FE82C700A77743;
			productRefGroup = F6E2DB5028FE82C700A77743 /* Products */;
			projectDirPath = "";
			projectRoot = "";
			targets = (
				F6E2DB4E28FE82C700A77743 /* Cepik */,
				F6E2DB6428FE82C900A77743 /* CepikTests */,
				F6E2DB6E28FE82C900A77743 /* CepikUITests */,
			);
		};
/* End PBXProject section */

/* Begin PBXResourcesBuildPhase section */
		F6E2DB4D28FE82C700A77743 /* Resources */ = {
			isa = PBXResourcesBuildPhase;
			buildActionMask = 2147483647;
			files = (
				F6E2DB5F28FE82C900A77743 /* LaunchScreen.storyboard in Resources */,
				F6E2DB5C28FE82C900A77743 /* Assets.xcassets in Resources */,
			);
			runOnlyForDeploymentPostprocessing = 0;
		};
		F6E2DB6328FE82C900A77743 /* Resources */ = {
			isa = PBXResourcesBuildPhase;
			buildActionMask = 2147483647;
			files = (
			);
			runOnlyForDeploymentPostprocessing = 0;
		};
		F6E2DB6D28FE82C900A77743 /* Resources */ = {
			isa = PBXResourcesBuildPhase;
			buildActionMask = 2147483647;
			files = (
			);
			runOnlyForDeploymentPostprocessing = 0;
		};
/* End PBXResourcesBuildPhase section */

/* Begin PBXSourcesBuildPhase section */
		F6E2DB4B28FE82C700A77743 /* Sources */ = {
			isa = PBXSourcesBuildPhase;
			buildActionMask = 2147483647;
			files = (
				F6BFFD952924F65400431A8B /* CBodyLabel.swift in Sources */,
				F6588651292F5B0200437D8F /* LoadingVC.swift in Sources */,
				F6ADC7562970417A00C22338 /* UIViewController+Ext.swift in Sources */,
				F65818C0290129C9009059EA /* SearchViewModel.swift in Sources */,
				F634F5AB290D142700DA10CF /* CProvinces.swift in Sources */,
				F6469C6D291B975D0079BE52 /* CSearchResultCell.swift in Sources */,
				F65818C829013C25009059EA /* CTextField.swift in Sources */,
				F65818CA29013EEF009059EA /* CItemSettingsView.swift in Sources */,
				F6BFFD8F2924E93A00431A8B /* VehicleViewModel.swift in Sources */,
				F650E81129277934005FFACB /* CVehicleInfoDescription.swift in Sources */,
				F65818CF29027F05009059EA /* CImageView.swift in Sources */,
				F6F481FA2912E0DD00B285F1 /* VehicleSeachInfo.swift in Sources */,
				F65818BE28FF1025009059EA /* CError.swift in Sources */,
				F65818BA28FF0EA3009059EA /* NetworkManager.swift in Sources */,
				F6ADC75129703C0D00C22338 /* AlertVC.swift in Sources */,
				F6E2DB8828FE8CC500A77743 /* SearchVC.swift in Sources */,
				F6F481FE2913B0B100B285F1 /* CDataType.swift in Sources */,
				F65818C6290139A9009059EA /* CSFSymbols.swift in Sources */,
				F634F5B2290D5D1500DA10CF /* Date+Ext.swift in Sources */,
				F6ADC75429703CA200C22338 /* CAlertContainer.swift in Sources */,
				F6BB4D1829067C9A00DC71FE /* CDatePickerVC.swift in Sources */,
				F6BFFD972925421600431A8B /* VehicleInfoViewModel.swift in Sources */,
				F60E39A429262C1700C68AA9 /* CSearchType.swift in Sources */,
				F6BFFD912924EB7B00431A8B /* VehicleInfoVC.swift in Sources */,
				F658864F292F589E00437D8F /* CEmptyState.swift in Sources */,
				F6E2DB8E28FEBDBA00A77743 /* CLogoView.swift in Sources */,
				F6469C69291B95160079BE52 /* VehiclesVC.swift in Sources */,
				F650E81329277B0A005FFACB /* Dictionary+Ext.swift in Sources */,
				F6BFFD932924F54800431A8B /* CVehicleDetailInfoItem.swift in Sources */,
				F65818B528FF01CC009059EA /* CButton.swift in Sources */,
				F65818B728FF0E27009059EA /* Vehicles.swift in Sources */,
				F64A96EF29409210006A095F /* CVehicleOrigin.swift in Sources */,
				F6F481FC2913A3C200B285F1 /* String+Ext.swift in Sources */,
				F6E2DB9428FEBFAB00A77743 /* CTitleLabel.swift in Sources */,
				F60E39A629262E3A00C68AA9 /* VehicleDetailInfo.swift in Sources */,
				F6E2DB5328FE82C700A77743 /* AppDelegate.swift in Sources */,
				F65818D129029806009059EA /* ObservableObject.swift in Sources */,
				F65818C22901384B009059EA /* CItemsStackView.swift in Sources */,
				F6E2DB5528FE82C700A77743 /* SceneDelegate.swift in Sources */,
			);
			runOnlyForDeploymentPostprocessing = 0;
		};
		F6E2DB6128FE82C900A77743 /* Sources */ = {
			isa = PBXSourcesBuildPhase;
			buildActionMask = 2147483647;
			files = (
				F6E2DB6A28FE82C900A77743 /* CepikTests.swift in Sources */,
			);
			runOnlyForDeploymentPostprocessing = 0;
		};
		F6E2DB6B28FE82C900A77743 /* Sources */ = {
			isa = PBXSourcesBuildPhase;
			buildActionMask = 2147483647;
			files = (
				F6E2DB7428FE82C900A77743 /* CepikUITests.swift in Sources */,
				F6E2DB7628FE82C900A77743 /* CepikUITestsLaunchTests.swift in Sources */,
			);
			runOnlyForDeploymentPostprocessing = 0;
		};
/* End PBXSourcesBuildPhase section */

/* Begin PBXTargetDependency section */
		F6E2DB6728FE82C900A77743 /* PBXTargetDependency */ = {
			isa = PBXTargetDependency;
			target = F6E2DB4E28FE82C700A77743 /* Cepik */;
			targetProxy = F6E2DB6628FE82C900A77743 /* PBXContainerItemProxy */;
		};
		F6E2DB7128FE82C900A77743 /* PBXTargetDependency */ = {
			isa = PBXTargetDependency;
			target = F6E2DB4E28FE82C700A77743 /* Cepik */;
			targetProxy = F6E2DB7028FE82C900A77743 /* PBXContainerItemProxy */;
		};
/* End PBXTargetDependency section */

/* Begin PBXVariantGroup section */
		F6E2DB5D28FE82C900A77743 /* LaunchScreen.storyboard */ = {
			isa = PBXVariantGroup;
			children = (
				F6E2DB5E28FE82C900A77743 /* Base */,
			);
			name = LaunchScreen.storyboard;
			sourceTree = "<group>";
		};
/* End PBXVariantGroup section */

/* Begin XCBuildConfiguration section */
		F6E2DB7728FE82C900A77743 /* Debug */ = {
			isa = XCBuildConfiguration;
			buildSettings = {
				ALWAYS_SEARCH_USER_PATHS = NO;
				CLANG_ANALYZER_NONNULL = YES;
				CLANG_ANALYZER_NUMBER_OBJECT_CONVERSION = YES_AGGRESSIVE;
				CLANG_CXX_LANGUAGE_STANDARD = "gnu++20";
				CLANG_ENABLE_MODULES = YES;
				CLANG_ENABLE_OBJC_ARC = YES;
				CLANG_ENABLE_OBJC_WEAK = YES;
				CLANG_WARN_BLOCK_CAPTURE_AUTORELEASING = YES;
				CLANG_WARN_BOOL_CONVERSION = YES;
				CLANG_WARN_COMMA = YES;
				CLANG_WARN_CONSTANT_CONVERSION = YES;
				CLANG_WARN_DEPRECATED_OBJC_IMPLEMENTATIONS = YES;
				CLANG_WARN_DIRECT_OBJC_ISA_USAGE = YES_ERROR;
				CLANG_WARN_DOCUMENTATION_COMMENTS = YES;
				CLANG_WARN_EMPTY_BODY = YES;
				CLANG_WARN_ENUM_CONVERSION = YES;
				CLANG_WARN_INFINITE_RECURSION = YES;
				CLANG_WARN_INT_CONVERSION = YES;
				CLANG_WARN_NON_LITERAL_NULL_CONVERSION = YES;
				CLANG_WARN_OBJC_IMPLICIT_RETAIN_SELF = YES;
				CLANG_WARN_OBJC_LITERAL_CONVERSION = YES;
				CLANG_WARN_OBJC_ROOT_CLASS = YES_ERROR;
				CLANG_WARN_QUOTED_INCLUDE_IN_FRAMEWORK_HEADER = YES;
				CLANG_WARN_RANGE_LOOP_ANALYSIS = YES;
				CLANG_WARN_STRICT_PROTOTYPES = YES;
				CLANG_WARN_SUSPICIOUS_MOVE = YES;
				CLANG_WARN_UNGUARDED_AVAILABILITY = YES_AGGRESSIVE;
				CLANG_WARN_UNREACHABLE_CODE = YES;
				CLANG_WARN__DUPLICATE_METHOD_MATCH = YES;
				COPY_PHASE_STRIP = NO;
				DEBUG_INFORMATION_FORMAT = dwarf;
				ENABLE_STRICT_OBJC_MSGSEND = YES;
				ENABLE_TESTABILITY = YES;
				GCC_C_LANGUAGE_STANDARD = gnu11;
				GCC_DYNAMIC_NO_PIC = NO;
				GCC_NO_COMMON_BLOCKS = YES;
				GCC_OPTIMIZATION_LEVEL = 0;
				GCC_PREPROCESSOR_DEFINITIONS = (
					"DEBUG=1",
					"$(inherited)",
				);
				GCC_WARN_64_TO_32_BIT_CONVERSION = YES;
				GCC_WARN_ABOUT_RETURN_TYPE = YES_ERROR;
				GCC_WARN_UNDECLARED_SELECTOR = YES;
				GCC_WARN_UNINITIALIZED_AUTOS = YES_AGGRESSIVE;
				GCC_WARN_UNUSED_FUNCTION = YES;
				GCC_WARN_UNUSED_VARIABLE = YES;
				IPHONEOS_DEPLOYMENT_TARGET = 16.0;
				MTL_ENABLE_DEBUG_INFO = INCLUDE_SOURCE;
				MTL_FAST_MATH = YES;
				ONLY_ACTIVE_ARCH = YES;
				SDKROOT = iphoneos;
				SWIFT_ACTIVE_COMPILATION_CONDITIONS = DEBUG;
				SWIFT_OPTIMIZATION_LEVEL = "-Onone";
			};
			name = Debug;
		};
		F6E2DB7828FE82C900A77743 /* Release */ = {
			isa = XCBuildConfiguration;
			buildSettings = {
				ALWAYS_SEARCH_USER_PATHS = NO;
				CLANG_ANALYZER_NONNULL = YES;
				CLANG_ANALYZER_NUMBER_OBJECT_CONVERSION = YES_AGGRESSIVE;
				CLANG_CXX_LANGUAGE_STANDARD = "gnu++20";
				CLANG_ENABLE_MODULES = YES;
				CLANG_ENABLE_OBJC_ARC = YES;
				CLANG_ENABLE_OBJC_WEAK = YES;
				CLANG_WARN_BLOCK_CAPTURE_AUTORELEASING = YES;
				CLANG_WARN_BOOL_CONVERSION = YES;
				CLANG_WARN_COMMA = YES;
				CLANG_WARN_CONSTANT_CONVERSION = YES;
				CLANG_WARN_DEPRECATED_OBJC_IMPLEMENTATIONS = YES;
				CLANG_WARN_DIRECT_OBJC_ISA_USAGE = YES_ERROR;
				CLANG_WARN_DOCUMENTATION_COMMENTS = YES;
				CLANG_WARN_EMPTY_BODY = YES;
				CLANG_WARN_ENUM_CONVERSION = YES;
				CLANG_WARN_INFINITE_RECURSION = YES;
				CLANG_WARN_INT_CONVERSION = YES;
				CLANG_WARN_NON_LITERAL_NULL_CONVERSION = YES;
				CLANG_WARN_OBJC_IMPLICIT_RETAIN_SELF = YES;
				CLANG_WARN_OBJC_LITERAL_CONVERSION = YES;
				CLANG_WARN_OBJC_ROOT_CLASS = YES_ERROR;
				CLANG_WARN_QUOTED_INCLUDE_IN_FRAMEWORK_HEADER = YES;
				CLANG_WARN_RANGE_LOOP_ANALYSIS = YES;
				CLANG_WARN_STRICT_PROTOTYPES = YES;
				CLANG_WARN_SUSPICIOUS_MOVE = YES;
				CLANG_WARN_UNGUARDED_AVAILABILITY = YES_AGGRESSIVE;
				CLANG_WARN_UNREACHABLE_CODE = YES;
				CLANG_WARN__DUPLICATE_METHOD_MATCH = YES;
				COPY_PHASE_STRIP = NO;
				DEBUG_INFORMATION_FORMAT = "dwarf-with-dsym";
				ENABLE_NS_ASSERTIONS = NO;
				ENABLE_STRICT_OBJC_MSGSEND = YES;
				GCC_C_LANGUAGE_STANDARD = gnu11;
				GCC_NO_COMMON_BLOCKS = YES;
				GCC_WARN_64_TO_32_BIT_CONVERSION = YES;
				GCC_WARN_ABOUT_RETURN_TYPE = YES_ERROR;
				GCC_WARN_UNDECLARED_SELECTOR = YES;
				GCC_WARN_UNINITIALIZED_AUTOS = YES_AGGRESSIVE;
				GCC_WARN_UNUSED_FUNCTION = YES;
				GCC_WARN_UNUSED_VARIABLE = YES;
				IPHONEOS_DEPLOYMENT_TARGET = 16.0;
				MTL_ENABLE_DEBUG_INFO = NO;
				MTL_FAST_MATH = YES;
				SDKROOT = iphoneos;
				SWIFT_COMPILATION_MODE = wholemodule;
				SWIFT_OPTIMIZATION_LEVEL = "-O";
				VALIDATE_PRODUCT = YES;
			};
			name = Release;
		};
		F6E2DB7A28FE82C900A77743 /* Debug */ = {
			isa = XCBuildConfiguration;
			buildSettings = {
				ASSETCATALOG_COMPILER_APPICON_NAME = AppIcon;
				ASSETCATALOG_COMPILER_GLOBAL_ACCENT_COLOR_NAME = AccentColor;
				CODE_SIGN_STYLE = Automatic;
				CURRENT_PROJECT_VERSION = 1;
				DEVELOPMENT_TEAM = X899A4BCH8;
				GENERATE_INFOPLIST_FILE = YES;
				INFOPLIST_FILE = Cepik/Info.plist;
				INFOPLIST_KEY_UIApplicationSupportsIndirectInputEvents = YES;
				INFOPLIST_KEY_UILaunchStoryboardName = LaunchScreen;
				INFOPLIST_KEY_UISupportedInterfaceOrientations = UIInterfaceOrientationPortrait;
				INFOPLIST_KEY_UISupportedInterfaceOrientations_iPad = "UIInterfaceOrientationLandscapeLeft UIInterfaceOrientationLandscapeRight UIInterfaceOrientationPortrait UIInterfaceOrientationPortraitUpsideDown";
				LD_RUNPATH_SEARCH_PATHS = (
					"$(inherited)",
					"@executable_path/Frameworks",
				);
				MARKETING_VERSION = 1.0;
				PRODUCT_BUNDLE_IDENTIFIER = maksymilianstan.Cepik;
				PRODUCT_NAME = "$(TARGET_NAME)";
				SUPPORTED_PLATFORMS = "iphoneos iphonesimulator";
				SUPPORTS_MACCATALYST = NO;
				SUPPORTS_MAC_DESIGNED_FOR_IPHONE_IPAD = NO;
				SWIFT_EMIT_LOC_STRINGS = YES;
				SWIFT_VERSION = 5.0;
				TARGETED_DEVICE_FAMILY = 1;
			};
			name = Debug;
		};
		F6E2DB7B28FE82C900A77743 /* Release */ = {
			isa = XCBuildConfiguration;
			buildSettings = {
				ASSETCATALOG_COMPILER_APPICON_NAME = AppIcon;
				ASSETCATALOG_COMPILER_GLOBAL_ACCENT_COLOR_NAME = AccentColor;
				CODE_SIGN_STYLE = Automatic;
				CURRENT_PROJECT_VERSION = 1;
				DEVELOPMENT_TEAM = X899A4BCH8;
				GENERATE_INFOPLIST_FILE = YES;
				INFOPLIST_FILE = Cepik/Info.plist;
				INFOPLIST_KEY_UIApplicationSupportsIndirectInputEvents = YES;
				INFOPLIST_KEY_UILaunchStoryboardName = LaunchScreen;
				INFOPLIST_KEY_UISupportedInterfaceOrientations = UIInterfaceOrientationPortrait;
				INFOPLIST_KEY_UISupportedInterfaceOrientations_iPad = "UIInterfaceOrientationLandscapeLeft UIInterfaceOrientationLandscapeRight UIInterfaceOrientationPortrait UIInterfaceOrientationPortraitUpsideDown";
				LD_RUNPATH_SEARCH_PATHS = (
					"$(inherited)",
					"@executable_path/Frameworks",
				);
				MARKETING_VERSION = 1.0;
				PRODUCT_BUNDLE_IDENTIFIER = maksymilianstan.Cepik;
				PRODUCT_NAME = "$(TARGET_NAME)";
				SUPPORTED_PLATFORMS = "iphoneos iphonesimulator";
				SUPPORTS_MACCATALYST = NO;
				SUPPORTS_MAC_DESIGNED_FOR_IPHONE_IPAD = NO;
				SWIFT_EMIT_LOC_STRINGS = YES;
				SWIFT_VERSION = 5.0;
				TARGETED_DEVICE_FAMILY = 1;
			};
			name = Release;
		};
		F6E2DB7D28FE82C900A77743 /* Debug */ = {
			isa = XCBuildConfiguration;
			buildSettings = {
				ALWAYS_EMBED_SWIFT_STANDARD_LIBRARIES = YES;
				BUNDLE_LOADER = "$(TEST_HOST)";
				CODE_SIGN_STYLE = Automatic;
				CURRENT_PROJECT_VERSION = 1;
				DEVELOPMENT_TEAM = X899A4BCH8;
				GENERATE_INFOPLIST_FILE = YES;
				IPHONEOS_DEPLOYMENT_TARGET = 16.0;
				MARKETING_VERSION = 1.0;
				PRODUCT_BUNDLE_IDENTIFIER = maksymilianstan.CepikTests;
				PRODUCT_NAME = "$(TARGET_NAME)";
				SWIFT_EMIT_LOC_STRINGS = NO;
				SWIFT_VERSION = 5.0;
				TARGETED_DEVICE_FAMILY = "1,2";
				TEST_HOST = "$(BUILT_PRODUCTS_DIR)/Cepik.app/$(BUNDLE_EXECUTABLE_FOLDER_PATH)/Cepik";
			};
			name = Debug;
		};
		F6E2DB7E28FE82C900A77743 /* Release */ = {
			isa = XCBuildConfiguration;
			buildSettings = {
				ALWAYS_EMBED_SWIFT_STANDARD_LIBRARIES = YES;
				BUNDLE_LOADER = "$(TEST_HOST)";
				CODE_SIGN_STYLE = Automatic;
				CURRENT_PROJECT_VERSION = 1;
				DEVELOPMENT_TEAM = X899A4BCH8;
				GENERATE_INFOPLIST_FILE = YES;
				IPHONEOS_DEPLOYMENT_TARGET = 16.0;
				MARKETING_VERSION = 1.0;
				PRODUCT_BUNDLE_IDENTIFIER = maksymilianstan.CepikTests;
				PRODUCT_NAME = "$(TARGET_NAME)";
				SWIFT_EMIT_LOC_STRINGS = NO;
				SWIFT_VERSION = 5.0;
				TARGETED_DEVICE_FAMILY = "1,2";
				TEST_HOST = "$(BUILT_PRODUCTS_DIR)/Cepik.app/$(BUNDLE_EXECUTABLE_FOLDER_PATH)/Cepik";
			};
			name = Release;
		};
		F6E2DB8028FE82C900A77743 /* Debug */ = {
			isa = XCBuildConfiguration;
			buildSettings = {
				ALWAYS_EMBED_SWIFT_STANDARD_LIBRARIES = YES;
				CODE_SIGN_STYLE = Automatic;
				CURRENT_PROJECT_VERSION = 1;
				DEVELOPMENT_TEAM = X899A4BCH8;
				GENERATE_INFOPLIST_FILE = YES;
				MARKETING_VERSION = 1.0;
				PRODUCT_BUNDLE_IDENTIFIER = maksymilianstan.CepikUITests;
				PRODUCT_NAME = "$(TARGET_NAME)";
				SWIFT_EMIT_LOC_STRINGS = NO;
				SWIFT_VERSION = 5.0;
				TARGETED_DEVICE_FAMILY = "1,2";
				TEST_TARGET_NAME = Cepik;
			};
			name = Debug;
		};
		F6E2DB8128FE82C900A77743 /* Release */ = {
			isa = XCBuildConfiguration;
			buildSettings = {
				ALWAYS_EMBED_SWIFT_STANDARD_LIBRARIES = YES;
				CODE_SIGN_STYLE = Automatic;
				CURRENT_PROJECT_VERSION = 1;
				DEVELOPMENT_TEAM = X899A4BCH8;
				GENERATE_INFOPLIST_FILE = YES;
				MARKETING_VERSION = 1.0;
				PRODUCT_BUNDLE_IDENTIFIER = maksymilianstan.CepikUITests;
				PRODUCT_NAME = "$(TARGET_NAME)";
				SWIFT_EMIT_LOC_STRINGS = NO;
				SWIFT_VERSION = 5.0;
				TARGETED_DEVICE_FAMILY = "1,2";
				TEST_TARGET_NAME = Cepik;
			};
			name = Release;
		};
/* End XCBuildConfiguration section */

/* Begin XCConfigurationList section */
		F6E2DB4A28FE82C700A77743 /* Build configuration list for PBXProject "Cepik" */ = {
			isa = XCConfigurationList;
			buildConfigurations = (
				F6E2DB7728FE82C900A77743 /* Debug */,
				F6E2DB7828FE82C900A77743 /* Release */,
			);
			defaultConfigurationIsVisible = 0;
			defaultConfigurationName = Release;
		};
		F6E2DB7928FE82C900A77743 /* Build configuration list for PBXNativeTarget "Cepik" */ = {
			isa = XCConfigurationList;
			buildConfigurations = (
				F6E2DB7A28FE82C900A77743 /* Debug */,
				F6E2DB7B28FE82C900A77743 /* Release */,
			);
			defaultConfigurationIsVisible = 0;
			defaultConfigurationName = Release;
		};
		F6E2DB7C28FE82C900A77743 /* Build configuration list for PBXNativeTarget "CepikTests" */ = {
			isa = XCConfigurationList;
			buildConfigurations = (
				F6E2DB7D28FE82C900A77743 /* Debug */,
				F6E2DB7E28FE82C900A77743 /* Release */,
			);
			defaultConfigurationIsVisible = 0;
			defaultConfigurationName = Release;
		};
		F6E2DB7F28FE82C900A77743 /* Build configuration list for PBXNativeTarget "CepikUITests" */ = {
			isa = XCConfigurationList;
			buildConfigurations = (
				F6E2DB8028FE82C900A77743 /* Debug */,
				F6E2DB8128FE82C900A77743 /* Release */,
			);
			defaultConfigurationIsVisible = 0;
			defaultConfigurationName = Release;
		};
/* End XCConfigurationList section */
	};
	rootObject = F6E2DB4728FE82C700A77743 /* Project object */;
}
